// !$*UTF8*$!
{
	archiveVersion = 1;
	classes = {
	};
	objectVersion = 48;
	objects = {

/* Begin PBXBuildFile section */
		738DF848FDFD21201675493E /* Pods_Salidas.framework in Frameworks */ = {isa = PBXBuildFile; fileRef = A6E65A3012676BFE3E612A67 /* Pods_Salidas.framework */; };
		8D2785C720D1A7B0005B478E /* GoogleService-Info.plist in Resources */ = {isa = PBXBuildFile; fileRef = 8D2785C620D1A7AF005B478E /* GoogleService-Info.plist */; };
		8DC00E1720D1A72000D82A02 /* AppDelegate.swift in Sources */ = {isa = PBXBuildFile; fileRef = 8DC00E1620D1A72000D82A02 /* AppDelegate.swift */; };
		8DC00E1920D1A72000D82A02 /* ViewController.swift in Sources */ = {isa = PBXBuildFile; fileRef = 8DC00E1820D1A72000D82A02 /* ViewController.swift */; };
		8DC00E1C20D1A72000D82A02 /* Main.storyboard in Resources */ = {isa = PBXBuildFile; fileRef = 8DC00E1A20D1A72000D82A02 /* Main.storyboard */; };
		8DC00E1E20D1A72000D82A02 /* Assets.xcassets in Resources */ = {isa = PBXBuildFile; fileRef = 8DC00E1D20D1A72000D82A02 /* Assets.xcassets */; };
		8DC00E2120D1A72000D82A02 /* LaunchScreen.storyboard in Resources */ = {isa = PBXBuildFile; fileRef = 8DC00E1F20D1A72000D82A02 /* LaunchScreen.storyboard */; };
/* End PBXBuildFile section */

/* Begin PBXFileReference section */
		07E06CC79C58F1713DBA993A /* Pods-Salidas.release.xcconfig */ = {isa = PBXFileReference; includeInIndex = 1; lastKnownFileType = text.xcconfig; name = "Pods-Salidas.release.xcconfig"; path = "Pods/Target Support Files/Pods-Salidas/Pods-Salidas.release.xcconfig"; sourceTree = "<group>"; };
		8D2785C620D1A7AF005B478E /* GoogleService-Info.plist */ = {isa = PBXFileReference; fileEncoding = 4; lastKnownFileType = text.plist.xml; path = "GoogleService-Info.plist"; sourceTree = "<group>"; };
		8DC00E1320D1A72000D82A02 /* Salidas.app */ = {isa = PBXFileReference; explicitFileType = wrapper.application; includeInIndex = 0; path = Salidas.app; sourceTree = BUILT_PRODUCTS_DIR; };
		8DC00E1620D1A72000D82A02 /* AppDelegate.swift */ = {isa = PBXFileReference; lastKnownFileType = sourcecode.swift; path = AppDelegate.swift; sourceTree = "<group>"; };
		8DC00E1820D1A72000D82A02 /* ViewController.swift */ = {isa = PBXFileReference; lastKnownFileType = sourcecode.swift; path = ViewController.swift; sourceTree = "<group>"; };
		8DC00E1B20D1A72000D82A02 /* Base */ = {isa = PBXFileReference; lastKnownFileType = file.storyboard; name = Base; path = Base.lproj/Main.storyboard; sourceTree = "<group>"; };
		8DC00E1D20D1A72000D82A02 /* Assets.xcassets */ = {isa = PBXFileReference; lastKnownFileType = folder.assetcatalog; path = Assets.xcassets; sourceTree = "<group>"; };
		8DC00E2020D1A72000D82A02 /* Base */ = {isa = PBXFileReference; lastKnownFileType = file.storyboard; name = Base; path = Base.lproj/LaunchScreen.storyboard; sourceTree = "<group>"; };
		8DC00E2220D1A72000D82A02 /* Info.plist */ = {isa = PBXFileReference; lastKnownFileType = text.plist.xml; path = Info.plist; sourceTree = "<group>"; };
		A6E65A3012676BFE3E612A67 /* Pods_Salidas.framework */ = {isa = PBXFileReference; explicitFileType = wrapper.framework; includeInIndex = 0; path = Pods_Salidas.framework; sourceTree = BUILT_PRODUCTS_DIR; };
		B6F27AB433575637C90D0B1A /* Pods-Salidas.debug.xcconfig */ = {isa = PBXFileReference; includeInIndex = 1; lastKnownFileType = text.xcconfig; name = "Pods-Salidas.debug.xcconfig"; path = "Pods/Target Support Files/Pods-Salidas/Pods-Salidas.debug.xcconfig"; sourceTree = "<group>"; };
/* End PBXFileReference section */

/* Begin PBXFrameworksBuildPhase section */
		8DC00E1020D1A72000D82A02 /* Frameworks */ = {
			isa = PBXFrameworksBuildPhase;
			buildActionMask = 2147483647;
			files = (
				738DF848FDFD21201675493E /* Pods_Salidas.framework in Frameworks */,
			);
			runOnlyForDeploymentPostprocessing = 0;
		};
/* End PBXFrameworksBuildPhase section */

/* Begin PBXGroup section */
		7E6641151557720E0A864F47 /* Pods */ = {
			isa = PBXGroup;
			children = (
				B6F27AB433575637C90D0B1A /* Pods-Salidas.debug.xcconfig */,
				07E06CC79C58F1713DBA993A /* Pods-Salidas.release.xcconfig */,
			);
			name = Pods;
			sourceTree = "<group>";
		};
		8DC00E0A20D1A72000D82A02 = {
			isa = PBXGroup;
			children = (
				8DC00E1520D1A72000D82A02 /* Salidas */,
				8DC00E1420D1A72000D82A02 /* Products */,
				7E6641151557720E0A864F47 /* Pods */,
				C1F27C33A1E3A149F49E50A0 /* Frameworks */,
			);
			sourceTree = "<group>";
		};
		8DC00E1420D1A72000D82A02 /* Products */ = {
			isa = PBXGroup;
			children = (
				8DC00E1320D1A72000D82A02 /* Salidas.app */,
			);
			name = Products;
			sourceTree = "<group>";
		};
		8DC00E1520D1A72000D82A02 /* Salidas */ = {
			isa = PBXGroup;
			children = (
				8D2785C620D1A7AF005B478E /* GoogleService-Info.plist */,
				8DC00E1620D1A72000D82A02 /* AppDelegate.swift */,
				8DC00E1820D1A72000D82A02 /* ViewController.swift */,
				8DC00E1A20D1A72000D82A02 /* Main.storyboard */,
				8DC00E1D20D1A72000D82A02 /* Assets.xcassets */,
				8DC00E1F20D1A72000D82A02 /* LaunchScreen.storyboard */,
				8DC00E2220D1A72000D82A02 /* Info.plist */,
			);
			path = Salidas;
			sourceTree = "<group>";
		};
		C1F27C33A1E3A149F49E50A0 /* Frameworks */ = {
			isa = PBXGroup;
			children = (
				A6E65A3012676BFE3E612A67 /* Pods_Salidas.framework */,
			);
			name = Frameworks;
			sourceTree = "<group>";
		};
/* End PBXGroup section */

/* Begin PBXNativeTarget section */
		8DC00E1220D1A72000D82A02 /* Salidas */ = {
			isa = PBXNativeTarget;
			buildConfigurationList = 8DC00E2520D1A72000D82A02 /* Build configuration list for PBXNativeTarget "Salidas" */;
			buildPhases = (
				5CE2ECA8881F775C6065BAB3 /* [CP] Check Pods Manifest.lock */,
				8DC00E0F20D1A72000D82A02 /* Sources */,
				8DC00E1020D1A72000D82A02 /* Frameworks */,
				8DC00E1120D1A72000D82A02 /* Resources */,
				FBB04FBCC7DBCBC8C2F809DA /* [CP] Embed Pods Frameworks */,
			);
			buildRules = (
			);
			dependencies = (
			);
			name = Salidas;
			productName = Salidas;
			productReference = 8DC00E1320D1A72000D82A02 /* Salidas.app */;
			productType = "com.apple.product-type.application";
		};
/* End PBXNativeTarget section */

/* Begin PBXProject section */
		8DC00E0B20D1A72000D82A02 /* Project object */ = {
			isa = PBXProject;
			attributes = {
				LastSwiftUpdateCheck = 0910;
				LastUpgradeCheck = 0910;
				ORGANIZATIONNAME = "Marcos Abadi";
				TargetAttributes = {
					8DC00E1220D1A72000D82A02 = {
						CreatedOnToolsVersion = 9.1;
						ProvisioningStyle = Automatic;
					};
				};
			};
			buildConfigurationList = 8DC00E0E20D1A72000D82A02 /* Build configuration list for PBXProject "Salidas" */;
			compatibilityVersion = "Xcode 8.0";
			developmentRegion = en;
			hasScannedForEncodings = 0;
			knownRegions = (
				en,
				Base,
			);
			mainGroup = 8DC00E0A20D1A72000D82A02;
			productRefGroup = 8DC00E1420D1A72000D82A02 /* Products */;
			projectDirPath = "";
			projectRoot = "";
			targets = (
				8DC00E1220D1A72000D82A02 /* Salidas */,
			);
		};
/* End PBXProject section */

/* Begin PBXResourcesBuildPhase section */
		8DC00E1120D1A72000D82A02 /* Resources */ = {
			isa = PBXResourcesBuildPhase;
			buildActionMask = 2147483647;
			files = (
				8DC00E2120D1A72000D82A02 /* LaunchScreen.storyboard in Resources */,
				8DC00E1E20D1A72000D82A02 /* Assets.xcassets in Resources */,
				8DC00E1C20D1A72000D82A02 /* Main.storyboard in Resources */,
				8D2785C720D1A7B0005B478E /* GoogleService-Info.plist in Resources */,
			);
			runOnlyForDeploymentPostprocessing = 0;
		};
/* End PBXResourcesBuildPhase section */

/* Begin PBXShellScriptBuildPhase section */
		5CE2ECA8881F775C6065BAB3 /* [CP] Check Pods Manifest.lock */ = {
			isa = PBXShellScriptBuildPhase;
			buildActionMask = 2147483647;
			files = (
			);
			inputPaths = (
				"${PODS_PODFILE_DIR_PATH}/Podfile.lock",
				"${PODS_ROOT}/Manifest.lock",
			);
			name = "[CP] Check Pods Manifest.lock";
			outputPaths = (
				"$(DERIVED_FILE_DIR)/Pods-Salidas-checkManifestLockResult.txt",
			);
			runOnlyForDeploymentPostprocessing = 0;
			shellPath = /bin/sh;
			shellScript = "diff \"${PODS_PODFILE_DIR_PATH}/Podfile.lock\" \"${PODS_ROOT}/Manifest.lock\" > /dev/null\nif [ $? != 0 ] ; then\n    # print error to STDERR\n    echo \"error: The sandbox is not in sync with the Podfile.lock. Run 'pod install' or update your CocoaPods installation.\" >&2\n    exit 1\nfi\n# This output is used by Xcode 'outputs' to avoid re-running this script phase.\necho \"SUCCESS\" > \"${SCRIPT_OUTPUT_FILE_0}\"\n";
			showEnvVarsInLog = 0;
		};
		FBB04FBCC7DBCBC8C2F809DA /* [CP] Embed Pods Frameworks */ = {
			isa = PBXShellScriptBuildPhase;
			buildActionMask = 2147483647;
			files = (
			);
			inputPaths = (
				"${SRCROOT}/Pods/Target Support Files/Pods-Salidas/Pods-Salidas-frameworks.sh",
				"${BUILT_PRODUCTS_DIR}/GTMSessionFetcher/GTMSessionFetcher.framework",
				"${BUILT_PRODUCTS_DIR}/GoogleToolboxForMac/GoogleToolboxForMac.framework",
				"${BUILT_PRODUCTS_DIR}/leveldb-library/leveldb.framework",
				"${BUILT_PRODUCTS_DIR}/nanopb/nanopb.framework",
			);
			name = "[CP] Embed Pods Frameworks";
			outputPaths = (
				"${TARGET_BUILD_DIR}/${FRAMEWORKS_FOLDER_PATH}/GTMSessionFetcher.framework",
				"${TARGET_BUILD_DIR}/${FRAMEWORKS_FOLDER_PATH}/GoogleToolboxForMac.framework",
				"${TARGET_BUILD_DIR}/${FRAMEWORKS_FOLDER_PATH}/leveldb.framework",
				"${TARGET_BUILD_DIR}/${FRAMEWORKS_FOLDER_PATH}/nanopb.framework",
			);
			runOnlyForDeploymentPostprocessing = 0;
			shellPath = /bin/sh;
			shellScript = "\"${SRCROOT}/Pods/Target Support Files/Pods-Salidas/Pods-Salidas-frameworks.sh\"\n";
			showEnvVarsInLog = 0;
		};
/* End PBXShellScriptBuildPhase section */

/* Begin PBXSourcesBuildPhase section */
		8DC00E0F20D1A72000D82A02 /* Sources */ = {
			isa = PBXSourcesBuildPhase;
			buildActionMask = 2147483647;
			files = (
				8DC00E1920D1A72000D82A02 /* ViewController.swift in Sources */,
				8DC00E1720D1A72000D82A02 /* AppDelegate.swift in Sources */,
			);
			runOnlyForDeploymentPostprocessing = 0;
		};
/* End PBXSourcesBuildPhase section */

/* Begin PBXVariantGroup section */
		8DC00E1A20D1A72000D82A02 /* Main.storyboard */ = {
			isa = PBXVariantGroup;
			children = (
				8DC00E1B20D1A72000D82A02 /* Base */,
			);
			name = Main.storyboard;
			sourceTree = "<group>";
		};
		8DC00E1F20D1A72000D82A02 /* LaunchScreen.storyboard */ = {
			isa = PBXVariantGroup;
			children = (
				8DC00E2020D1A72000D82A02 /* Base */,
			);
			name = LaunchScreen.storyboard;
			sourceTree = "<group>";
		};
/* End PBXVariantGroup section */

/* Begin XCBuildConfiguration section */
		8DC00E2320D1A72000D82A02 /* Debug */ = {
			isa = XCBuildConfiguration;
			buildSettings = {
				ALWAYS_SEARCH_USER_PATHS = NO;
				CLANG_ANALYZER_NONNULL = YES;
				CLANG_ANALYZER_NUMBER_OBJECT_CONVERSION = YES_AGGRESSIVE;
				CLANG_CXX_LANGUAGE_STANDARD = "gnu++14";
				CLANG_CXX_LIBRARY = "libc++";
				CLANG_ENABLE_MODULES = YES;
				CLANG_ENABLE_OBJC_ARC = YES;
				CLANG_WARN_BLOCK_CAPTURE_AUTORELEASING = YES;
				CLANG_WARN_BOOL_CONVERSION = YES;
				CLANG_WARN_COMMA = YES;
				CLANG_WARN_CONSTANT_CONVERSION = YES;
				CLANG_WARN_DIRECT_OBJC_ISA_USAGE = YES_ERROR;
				CLANG_WARN_DOCUMENTATION_COMMENTS = YES;
				CLANG_WARN_EMPTY_BODY = YES;
				CLANG_WARN_ENUM_CONVERSION = YES;
				CLANG_WARN_INFINITE_RECURSION = YES;
				CLANG_WARN_INT_CONVERSION = YES;
				CLANG_WARN_NON_LITERAL_NULL_CONVERSION = YES;
				CLANG_WARN_OBJC_LITERAL_CONVERSION = YES;
				CLANG_WARN_OBJC_ROOT_CLASS = YES_ERROR;
				CLANG_WARN_RANGE_LOOP_ANALYSIS = YES;
				CLANG_WARN_STRICT_PROTOTYPES = YES;
				CLANG_WARN_SUSPICIOUS_MOVE = YES;
				CLANG_WARN_UNGUARDED_AVAILABILITY = YES_AGGRESSIVE;
				CLANG_WARN_UNREACHABLE_CODE = YES;
				CLANG_WARN__DUPLICATE_METHOD_MATCH = YES;
				CODE_SIGN_IDENTITY = "iPhone Developer";
				COPY_PHASE_STRIP = NO;
				DEBUG_INFORMATION_FORMAT = dwarf;
				ENABLE_STRICT_OBJC_MSGSEND = YES;
				ENABLE_TESTABILITY = YES;
				GCC_C_LANGUAGE_STANDARD = gnu11;
				GCC_DYNAMIC_NO_PIC = NO;
				GCC_NO_COMMON_BLOCKS = YES;
				GCC_OPTIMIZATION_LEVEL = 0;
				GCC_PREPROCESSOR_DEFINITIONS = (
					"DEBUG=1",
					"$(inherited)",
				);
				GCC_WARN_64_TO_32_BIT_CONVERSION = YES;
				GCC_WARN_ABOUT_RETURN_TYPE = YES_ERROR;
				GCC_WARN_UNDECLARED_SELECTOR = YES;
				GCC_WARN_UNINITIALIZED_AUTOS = YES_AGGRESSIVE;
				GCC_WARN_UNUSED_FUNCTION = YES;
				GCC_WARN_UNUSED_VARIABLE = YES;
				IPHONEOS_DEPLOYMENT_TARGET = 11.1;
				MTL_ENABLE_DEBUG_INFO = YES;
				ONLY_ACTIVE_ARCH = YES;
				SDKROOT = iphoneos;
				SWIFT_ACTIVE_COMPILATION_CONDITIONS = DEBUG;
				SWIFT_OPTIMIZATION_LEVEL = "-Onone";
			};
			name = Debug;
		};
		8DC00E2420D1A72000D82A02 /* Release */ = {
			isa = XCBuildConfiguration;
			buildSettings = {
				ALWAYS_SEARCH_USER_PATHS = NO;
				CLANG_ANALYZER_NONNULL = YES;
				CLANG_ANALYZER_NUMBER_OBJECT_CONVERSION = YES_AGGRESSIVE;
				CLANG_CXX_LANGUAGE_STANDARD = "gnu++14";
				CLANG_CXX_LIBRARY = "libc++";
				CLANG_ENABLE_MODULES = YES;
				CLANG_ENABLE_OBJC_ARC = YES;
				CLANG_WARN_BLOCK_CAPTURE_AUTORELEASING = YES;
				CLANG_WARN_BOOL_CONVERSION = YES;
				CLANG_WARN_COMMA = YES;
				CLANG_WARN_CONSTANT_CONVERSION = YES;
				CLANG_WARN_DIRECT_OBJC_ISA_USAGE = YES_ERROR;
				CLANG_WARN_DOCUMENTATION_COMMENTS = YES;
				CLANG_WARN_EMPTY_BODY = YES;
				CLANG_WARN_ENUM_CONVERSION = YES;
				CLANG_WARN_INFINITE_RECURSION = YES;
				CLANG_WARN_INT_CONVERSION = YES;
				CLANG_WARN_NON_LITERAL_NULL_CONVERSION = YES;
				CLANG_WARN_OBJC_LITERAL_CONVERSION = YES;
				CLANG_WARN_OBJC_ROOT_CLASS = YES_ERROR;
				CLANG_WARN_RANGE_LOOP_ANALYSIS = YES;
				CLANG_WARN_STRICT_PROTOTYPES = YES;
				CLANG_WARN_SUSPICIOUS_MOVE = YES;
				CLANG_WARN_UNGUARDED_AVAILABILITY = YES_AGGRESSIVE;
				CLANG_WARN_UNREACHABLE_CODE = YES;
				CLANG_WARN__DUPLICATE_METHOD_MATCH = YES;
				CODE_SIGN_IDENTITY = "iPhone Developer";
				COPY_PHASE_STRIP = NO;
				DEBUG_INFORMATION_FORMAT = "dwarf-with-dsym";
				ENABLE_NS_ASSERTIONS = NO;
				ENABLE_STRICT_OBJC_MSGSEND = YES;
				GCC_C_LANGUAGE_STANDARD = gnu11;
				GCC_NO_COMMON_BLOCKS = YES;
				GCC_WARN_64_TO_32_BIT_CONVERSION = YES;
				GCC_WARN_ABOUT_RETURN_TYPE = YES_ERROR;
				GCC_WARN_UNDECLARED_SELECTOR = YES;
				GCC_WARN_UNINITIALIZED_AUTOS = YES_AGGRESSIVE;
				GCC_WARN_UNUSED_FUNCTION = YES;
				GCC_WARN_UNUSED_VARIABLE = YES;
				IPHONEOS_DEPLOYMENT_TARGET = 11.1;
				MTL_ENABLE_DEBUG_INFO = NO;
				SDKROOT = iphoneos;
				SWIFT_OPTIMIZATION_LEVEL = "-Owholemodule";
				VALIDATE_PRODUCT = YES;
			};
			name = Release;
		};
		8DC00E2620D1A72000D82A02 /* Debug */ = {
			isa = XCBuildConfiguration;
			baseConfigurationReference = B6F27AB433575637C90D0B1A /* Pods-Salidas.debug.xcconfig */;
			buildSettings = {
				ASSETCATALOG_COMPILER_APPICON_NAME = AppIcon;
				CODE_SIGN_STYLE = Automatic;
				DEVELOPMENT_TEAM = HF6R6FEQ9W;
				INFOPLIST_FILE = Salidas/Info.plist;
				LD_RUNPATH_SEARCH_PATHS = "$(inherited) @executable_path/Frameworks";
				PRODUCT_BUNDLE_IDENTIFIER = com.marcosabadi.Salidas;
				PRODUCT_NAME = "$(TARGET_NAME)";
				SWIFT_VERSION = 4.0;
				TARGETED_DEVICE_FAMILY = "1,2";
			};
			name = Debug;
		};
		8DC00E2720D1A72000D82A02 /* Release */ = {
			isa = XCBuildConfiguration;
			baseConfigurationReference = 07E06CC79C58F1713DBA993A /* Pods-Salidas.release.xcconfig */;
			buildSettings = {
				ASSETCATALOG_COMPILER_APPICON_NAME = AppIcon;
				CODE_SIGN_STYLE = Automatic;
				DEVELOPMENT_TEAM = HF6R6FEQ9W;
				INFOPLIST_FILE = Salidas/Info.plist;
				LD_RUNPATH_SEARCH_PATHS = "$(inherited) @executable_path/Frameworks";
				PRODUCT_BUNDLE_IDENTIFIER = com.marcosabadi.Salidas;
				PRODUCT_NAME = "$(TARGET_NAME)";
				SWIFT_VERSION = 4.0;
				TARGETED_DEVICE_FAMILY = "1,2";
			};
			name = Release;
		};
/* End XCBuildConfiguration section */

/* Begin XCConfigurationList section */
		8DC00E0E20D1A72000D82A02 /* Build configuration list for PBXProject "Salidas" */ = {
			isa = XCConfigurationList;
			buildConfigurations = (
				8DC00E2320D1A72000D82A02 /* Debug */,
				8DC00E2420D1A72000D82A02 /* Release */,
			);
			defaultConfigurationIsVisible = 0;
			defaultConfigurationName = Release;
		};
		8DC00E2520D1A72000D82A02 /* Build configuration list for PBXNativeTarget "Salidas" */ = {
			isa = XCConfigurationList;
			buildConfigurations = (
				8DC00E2620D1A72000D82A02 /* Debug */,
				8DC00E2720D1A72000D82A02 /* Release */,
			);
			defaultConfigurationIsVisible = 0;
			defaultConfigurationName = Release;
		};
/* End XCConfigurationList section */
	};
	rootObject = 8DC00E0B20D1A72000D82A02 /* Project object */;
}
